<?xml version="1.0" encoding="utf-8"?>
<Project ToolsVersion="4.0" xmlns="http://schemas.microsoft.com/developer/msbuild/2003">
  <ItemGroup>
    <Filter Include="Source Files">
      <UniqueIdentifier>{4FC737F1-C7A5-4376-A066-2A32D752A2FF}</UniqueIdentifier>
      <Extensions>cpp;c;cc;cxx;def;odl;idl;hpj;bat;asm;asmx</Extensions>
    </Filter>
    <Filter Include="Header Files">
      <UniqueIdentifier>{93995380-89BD-4b04-88EB-625FBE52EBFB}</UniqueIdentifier>
      <Extensions>h;hh;hpp;hxx;hm;inl;inc;xsd</Extensions>
    </Filter>
    <Filter Include="Resource Files">
      <UniqueIdentifier>{67DA6AB6-F800-4c08-8B7A-83BB121AAD01}</UniqueIdentifier>
      <Extensions>rc;ico;cur;bmp;dlg;rc2;rct;bin;rgs;gif;jpg;jpeg;jpe;resx;tiff;tif;png;wav;mfcribbon-ms</Extensions>
    </Filter>
    <Filter Include="Header Files\Base">
      <UniqueIdentifier>{0597e11b-4cd5-48a0-b33e-24e5663bfd45}</UniqueIdentifier>
    </Filter>
    <Filter Include="Source Files\Base">
      <UniqueIdentifier>{fbe2ed44-ff75-4fb0-bf74-c443d3b5e62f}</UniqueIdentifier>
    </Filter>
    <Filter Include="Generated Files">
      <UniqueIdentifier>{b8044ce4-cc36-4012-aa08-98e228a985a7}</UniqueIdentifier>
    </Filter>
  </ItemGroup>
  <ItemGroup>
    <Text Include="ReadMe.txt" />
  </ItemGroup>
  <ItemGroup>
    <ClCompile Include="MainWindow.cpp">
      <Filter>Source Files</Filter>
    </ClCompile>
    <ClCompile Include="Common/BaseDialog.cpp">
      <Filter>Source Files\Base</Filter>
    </ClCompile>
    <ClCompile Include="Common/Utility.cpp">
      <Filter>Source Files\Base</Filter>
    </ClCompile>
    <ClCompile Include="Common/BaseView.cpp">
      <Filter>Source Files\Base</Filter>
    </ClCompile>
    <ClCompile Include="Common/BaseWidget.cpp">
      <Filter>Source Files\Base</Filter>
    </ClCompile>
    <ClCompile Include="Common/IBaseView.cpp">
      <Filter>Source Files\Base</Filter>
    </ClCompile>
    <ClCompile Include="Common\PopDialog.cpp">
      <Filter>Source Files\Base</Filter>
    </ClCompile>
    <ClCompile Include="Common/UIUtility.cpp">
      <Filter>Source Files\Base</Filter>
    </ClCompile>
    <ClCompile Include="Common/BaseUI.cpp">
      <Filter>Source Files\Base</Filter>
    </ClCompile>
    <ClCompile Include="Common\HTableView.cpp">
      <Filter>Source Files\Base</Filter>
    </ClCompile>
    <ClCompile Include="Common\HTableViewItemModel.cpp">
      <Filter>Source Files\Base</Filter>
    </ClCompile>
    <ClCompile Include="release\moc_HLineEdit.cpp">
      <Filter>Generated Files</Filter>
    </ClCompile>
    <ClCompile Include="release\moc_HTableView.cpp">
      <Filter>Generated Files</Filter>
    </ClCompile>
    <ClCompile Include="release\moc_IFSoftKeyboardService.cpp">
      <Filter>Generated Files</Filter>
    </ClCompile>
    <ClCompile Include="release\moc_BaseDialog.cpp">
      <Filter>Generated Files</Filter>
    </ClCompile>
    <ClCompile Include="release\moc_ConnectDatabase.cpp">
      <Filter>Generated Files</Filter>
    </ClCompile>
    <ClCompile Include="main.cpp" />
    <ClCompile Include="Common/HLineEdit.cpp">
      <Filter>Source Files\Base</Filter>
    </ClCompile>
    <ClCompile Include="release\moc_MainWindow.cpp">
      <Filter>Generated Files</Filter>
    </ClCompile>
    <ClCompile Include="Common/BasePageContent.cpp">
      <Filter>Source Files\Base</Filter>
    </ClCompile>
    <ClCompile Include="PlayView.cpp">
      <Filter>Source Files</Filter>
    </ClCompile>
    <ClCompile Include="ProcessView.cpp">
      <Filter>Source Files</Filter>
    </ClCompile>
    <ClCompile Include="UVView.cpp">
      <Filter>Source Files</Filter>
    </ClCompile>
    <ClCompile Include="SettingView.cpp">
      <Filter>Source Files</Filter>
    </ClCompile>
    <ClCompile Include="release\moc_SettingView.cpp">
      <Filter>Generated Files</Filter>
    </ClCompile>
    <ClCompile Include="release\moc_UVView.cpp">
      <Filter>Generated Files</Filter>
    </ClCompile>
    <ClCompile Include="release\moc_PlayView.cpp">
      <Filter>Generated Files</Filter>
    </ClCompile>
    <ClCompile Include="release\moc_ProcessView.cpp">
      <Filter>Generated Files</Filter>
    </ClCompile>
    <ClCompile Include="release\moc_HButtonIcon.cpp">
      <Filter>Generated Files</Filter>
    </ClCompile>
    <ClCompile Include="AXEMgr.cpp">
      <Filter>Source Files</Filter>
    </ClCompile>
    <ClCompile Include="AXEProcessItem.cpp">
      <Filter>Source Files</Filter>
    </ClCompile>
    <ClCompile Include="AXEProcessItem_Icon.cpp">
      <Filter>Source Files</Filter>
    </ClCompile>
    <ClCompile Include="Common\HMessageBox.cpp">
      <Filter>Source Files\Base</Filter>
    </ClCompile>
    <ClCompile Include="release\moc_HMessageBox.cpp">
      <Filter>Generated Files</Filter>
    </ClCompile>
    <ClCompile Include="ProcessParamsDialog.cpp">
      <Filter>Source Files</Filter>
    </ClCompile>
    <ClCompile Include="release\moc_ProcessParamsDialog.cpp">
      <Filter>Header Files\Base</Filter>
    </ClCompile>
    <ClCompile Include="ChooseItemListDialog.cpp">
      <Filter>Source Files</Filter>
    </ClCompile>
    <ClCompile Include="release\moc_ChooseItemListDialog.cpp">
      <Filter>Generated Files</Filter>
    </ClCompile>
  </ItemGroup>
  <ItemGroup>
    <ClInclude Include="MainWindow.h">
      <Filter>Header Files</Filter>
    </ClInclude>
    <ClInclude Include="Common/Utility.h">
      <Filter>Header Files\Base</Filter>
    </ClInclude>
    <ClInclude Include="Common/BaseDialog.h">
      <Filter>Header Files\Base</Filter>
    </ClInclude>
    <ClInclude Include="Common/BaseUI.h">
      <Filter>Header Files\Base</Filter>
    </ClInclude>
    <ClInclude Include="Common/BaseView.h">
      <Filter>Header Files\Base</Filter>
    </ClInclude>
    <ClInclude Include="Common/BaseWidget.h">
      <Filter>Header Files\Base</Filter>
    </ClInclude>
    <ClInclude Include="Common/IBaseView.h">
      <Filter>Header Files\Base</Filter>
    </ClInclude>
    <ClInclude Include="Common\PopDialog.h">
      <Filter>Header Files\Base</Filter>
    </ClInclude>
    <ClInclude Include="Common/Singleton.h">
      <Filter>Header Files\Base</Filter>
    </ClInclude>
    <ClInclude Include="Common/UIUtility.h">
      <Filter>Header Files\Base</Filter>
    </ClInclude>
    <ClInclude Include="Common\HTableView.h">
      <Filter>Header Files\Base</Filter>
    </ClInclude>
    <ClInclude Include="Common\HTableViewItemModel.h">
      <Filter>Header Files\Base</Filter>
    </ClInclude>
    <ClInclude Include="Common/HLineEdit.h">
      <Filter>Header Files\Base</Filter>
    </ClInclude>
    <ClInclude Include="Common\ImageWidget.h">
      <Filter>Header Files\Base</Filter>
    </ClInclude>
    <ClInclude Include="Common/BasePageContent.h">
      <Filter>Header Files\Base</Filter>
    </ClInclude>
    <ClInclude Include="PlayView.h">
      <Filter>Header Files</Filter>
    </ClInclude>
    <ClInclude Include="ProcessView.h">
      <Filter>Header Files</Filter>
    </ClInclude>
    <ClInclude Include="UVView.h">
      <Filter>Header Files</Filter>
    </ClInclude>
    <ClInclude Include="SettingView.h">
      <Filter>Header Files</Filter>
    </ClInclude>
    <ClInclude Include="Common\HButtonIcon.h">
      <Filter>Header Files\Base</Filter>
    </ClInclude>
    <ClInclude Include="AXEMgr.h">
      <Filter>Header Files</Filter>
    </ClInclude>
    <ClInclude Include="AXEProcessItem.h">
      <Filter>Header Files</Filter>
    </ClInclude>
    <ClInclude Include="AXEProcessItem_Icon.h">
      <Filter>Header Files</Filter>
    </ClInclude>
    <ClInclude Include="Common\HMessageBox.h">
      <Filter>Header Files\Base</Filter>
    </ClInclude>
    <ClInclude Include="ProcessParamsDialog.h">
      <Filter>Header Files</Filter>
    </ClInclude>
    <ClInclude Include="ChooseItemListDialog.h">
      <Filter>Header Files</Filter>
    </ClInclude>
  </ItemGroup>
</Project>